// !$*UTF8*$!
{
	archiveVersion = 1;
	classes = {
	};
	objectVersion = 46;
	objects = {

/* Begin PBXBuildFile section */
		0A4995FA1DB921760158B31D /* libPods-GLProjCode.a in Frameworks */ = {isa = PBXBuildFile; fileRef = F8EF32CC99E183D521FB3DD0 /* libPods-GLProjCode.a */; };
		ACBEF5771F3DEBB200376051 /* main.m in Sources */ = {isa = PBXBuildFile; fileRef = ACBEF5761F3DEBB200376051 /* main.m */; };
		ACBEF57A1F3DEBB200376051 /* AppDelegate.m in Sources */ = {isa = PBXBuildFile; fileRef = ACBEF5791F3DEBB200376051 /* AppDelegate.m */; };
		ACBEF57D1F3DEBB200376051 /* ViewController.m in Sources */ = {isa = PBXBuildFile; fileRef = ACBEF57C1F3DEBB200376051 /* ViewController.m */; };
		ACBEF5801F3DEBB200376051 /* Main.storyboard in Resources */ = {isa = PBXBuildFile; fileRef = ACBEF57E1F3DEBB200376051 /* Main.storyboard */; };
		ACBEF5821F3DEBB200376051 /* Assets.xcassets in Resources */ = {isa = PBXBuildFile; fileRef = ACBEF5811F3DEBB200376051 /* Assets.xcassets */; };
		ACBEF5851F3DEBB200376051 /* LaunchScreen.storyboard in Resources */ = {isa = PBXBuildFile; fileRef = ACBEF5831F3DEBB200376051 /* LaunchScreen.storyboard */; };
		ACBEF5901F3DEBB200376051 /* GLProjCodeTests.m in Sources */ = {isa = PBXBuildFile; fileRef = ACBEF58F1F3DEBB200376051 /* GLProjCodeTests.m */; };
		ACBEF59B1F3DEBB200376051 /* GLProjCodeUITests.m in Sources */ = {isa = PBXBuildFile; fileRef = ACBEF59A1F3DEBB200376051 /* GLProjCodeUITests.m */; };
/* End PBXBuildFile section */

/* Begin PBXContainerItemProxy section */
		ACBEF58C1F3DEBB200376051 /* PBXContainerItemProxy */ = {
			isa = PBXContainerItemProxy;
			containerPortal = ACBEF56A1F3DEBB200376051 /* Project object */;
			proxyType = 1;
			remoteGlobalIDString = ACBEF5711F3DEBB200376051;
			remoteInfo = GLProjCode;
		};
		ACBEF5971F3DEBB200376051 /* PBXContainerItemProxy */ = {
			isa = PBXContainerItemProxy;
			containerPortal = ACBEF56A1F3DEBB200376051 /* Project object */;
			proxyType = 1;
			remoteGlobalIDString = ACBEF5711F3DEBB200376051;
			remoteInfo = GLProjCode;
		};
/* End PBXContainerItemProxy section */

/* Begin PBXFileReference section */
		ACBEF5721F3DEBB200376051 /* GLProjCode.app */ = {isa = PBXFileReference; explicitFileType = wrapper.application; includeInIndex = 0; path = GLProjCode.app; sourceTree = BUILT_PRODUCTS_DIR; };
		ACBEF5761F3DEBB200376051 /* main.m */ = {isa = PBXFileReference; lastKnownFileType = sourcecode.c.objc; path = main.m; sourceTree = "<group>"; };
		ACBEF5781F3DEBB200376051 /* AppDelegate.h */ = {isa = PBXFileReference; lastKnownFileType = sourcecode.c.h; path = AppDelegate.h; sourceTree = "<group>"; };
		ACBEF5791F3DEBB200376051 /* AppDelegate.m */ = {isa = PBXFileReference; lastKnownFileType = sourcecode.c.objc; path = AppDelegate.m; sourceTree = "<group>"; };
		ACBEF57B1F3DEBB200376051 /* ViewController.h */ = {isa = PBXFileReference; lastKnownFileType = sourcecode.c.h; path = ViewController.h; sourceTree = "<group>"; };
		ACBEF57C1F3DEBB200376051 /* ViewController.m */ = {isa = PBXFileReference; lastKnownFileType = sourcecode.c.objc; path = ViewController.m; sourceTree = "<group>"; };
		ACBEF57F1F3DEBB200376051 /* Base */ = {isa = PBXFileReference; lastKnownFileType = file.storyboard; name = Base; path = Base.lproj/Main.storyboard; sourceTree = "<group>"; };
		ACBEF5811F3DEBB200376051 /* Assets.xcassets */ = {isa = PBXFileReference; lastKnownFileType = folder.assetcatalog; path = Assets.xcassets; sourceTree = "<group>"; };
		ACBEF5841F3DEBB200376051 /* Base */ = {isa = PBXFileReference; lastKnownFileType = file.storyboard; name = Base; path = Base.lproj/LaunchScreen.storyboard; sourceTree = "<group>"; };
		ACBEF5861F3DEBB200376051 /* Info.plist */ = {isa = PBXFileReference; lastKnownFileType = text.plist.xml; path = Info.plist; sourceTree = "<group>"; };
		ACBEF58B1F3DEBB200376051 /* GLProjCodeTests.xctest */ = {isa = PBXFileReference; explicitFileType = wrapper.cfbundle; includeInIndex = 0; path = GLProjCodeTests.xctest; sourceTree = BUILT_PRODUCTS_DIR; };
		ACBEF58F1F3DEBB200376051 /* GLProjCodeTests.m */ = {isa = PBXFileReference; lastKnownFileType = sourcecode.c.objc; path = GLProjCodeTests.m; sourceTree = "<group>"; };
		ACBEF5911F3DEBB200376051 /* Info.plist */ = {isa = PBXFileReference; lastKnownFileType = text.plist.xml; path = Info.plist; sourceTree = "<group>"; };
		ACBEF5961F3DEBB200376051 /* GLProjCodeUITests.xctest */ = {isa = PBXFileReference; explicitFileType = wrapper.cfbundle; includeInIndex = 0; path = GLProjCodeUITests.xctest; sourceTree = BUILT_PRODUCTS_DIR; };
		ACBEF59A1F3DEBB200376051 /* GLProjCodeUITests.m */ = {isa = PBXFileReference; lastKnownFileType = sourcecode.c.objc; path = GLProjCodeUITests.m; sourceTree = "<group>"; };
		ACBEF59C1F3DEBB200376051 /* Info.plist */ = {isa = PBXFileReference; lastKnownFileType = text.plist.xml; path = Info.plist; sourceTree = "<group>"; };
		ADC6221BDA38C0FEC0C8BA32 /* Pods-GLProjCode.debug.xcconfig */ = {isa = PBXFileReference; includeInIndex = 1; lastKnownFileType = text.xcconfig; name = "Pods-GLProjCode.debug.xcconfig"; path = "Pods/Target Support Files/Pods-GLProjCode/Pods-GLProjCode.debug.xcconfig"; sourceTree = "<group>"; };
		C24500BB469BF04CD68E83A6 /* Pods-GLProjCode.release.xcconfig */ = {isa = PBXFileReference; includeInIndex = 1; lastKnownFileType = text.xcconfig; name = "Pods-GLProjCode.release.xcconfig"; path = "Pods/Target Support Files/Pods-GLProjCode/Pods-GLProjCode.release.xcconfig"; sourceTree = "<group>"; };
		F8EF32CC99E183D521FB3DD0 /* libPods-GLProjCode.a */ = {isa = PBXFileReference; explicitFileType = archive.ar; includeInIndex = 0; path = "libPods-GLProjCode.a"; sourceTree = BUILT_PRODUCTS_DIR; };
/* End PBXFileReference section */

/* Begin PBXFrameworksBuildPhase section */
		ACBEF56F1F3DEBB200376051 /* Frameworks */ = {
			isa = PBXFrameworksBuildPhase;
			buildActionMask = 2147483647;
			files = (
				0A4995FA1DB921760158B31D /* libPods-GLProjCode.a in Frameworks */,
			);
			runOnlyForDeploymentPostprocessing = 0;
		};
		ACBEF5881F3DEBB200376051 /* Frameworks */ = {
			isa = PBXFrameworksBuildPhase;
			buildActionMask = 2147483647;
			files = (
			);
			runOnlyForDeploymentPostprocessing = 0;
		};
		ACBEF5931F3DEBB200376051 /* Frameworks */ = {
			isa = PBXFrameworksBuildPhase;
			buildActionMask = 2147483647;
			files = (
			);
			runOnlyForDeploymentPostprocessing = 0;
		};
/* End PBXFrameworksBuildPhase section */

/* Begin PBXGroup section */
		53E8A69C9A1A23601996FDC2 /* Pods */ = {
			isa = PBXGroup;
			children = (
				ADC6221BDA38C0FEC0C8BA32 /* Pods-GLProjCode.debug.xcconfig */,
				C24500BB469BF04CD68E83A6 /* Pods-GLProjCode.release.xcconfig */,
			);
			name = Pods;
			sourceTree = "<group>";
		};
		686F36783DCB03C9A6437C22 /* Frameworks */ = {
			isa = PBXGroup;
			children = (
				F8EF32CC99E183D521FB3DD0 /* libPods-GLProjCode.a */,
			);
			name = Frameworks;
			sourceTree = "<group>";
		};
		ACBEF5691F3DEBB200376051 = {
			isa = PBXGroup;
			children = (
				ACBEF5741F3DEBB200376051 /* GLProjCode */,
				ACBEF58E1F3DEBB200376051 /* GLProjCodeTests */,
				ACBEF5991F3DEBB200376051 /* GLProjCodeUITests */,
				ACBEF5731F3DEBB200376051 /* Products */,
				53E8A69C9A1A23601996FDC2 /* Pods */,
				686F36783DCB03C9A6437C22 /* Frameworks */,
			);
			sourceTree = "<group>";
		};
		ACBEF5731F3DEBB200376051 /* Products */ = {
			isa = PBXGroup;
			children = (
				ACBEF5721F3DEBB200376051 /* GLProjCode.app */,
				ACBEF58B1F3DEBB200376051 /* GLProjCodeTests.xctest */,
				ACBEF5961F3DEBB200376051 /* GLProjCodeUITests.xctest */,
			);
			name = Products;
			sourceTree = "<group>";
		};
		ACBEF5741F3DEBB200376051 /* GLProjCode */ = {
			isa = PBXGroup;
			children = (
				ACBEF5781F3DEBB200376051 /* AppDelegate.h */,
				ACBEF5791F3DEBB200376051 /* AppDelegate.m */,
				ACBEF57B1F3DEBB200376051 /* ViewController.h */,
				ACBEF57C1F3DEBB200376051 /* ViewController.m */,
				ACBEF57E1F3DEBB200376051 /* Main.storyboard */,
				ACBEF5811F3DEBB200376051 /* Assets.xcassets */,
				ACBEF5831F3DEBB200376051 /* LaunchScreen.storyboard */,
				ACBEF5861F3DEBB200376051 /* Info.plist */,
				ACBEF5751F3DEBB200376051 /* Supporting Files */,
			);
			path = GLProjCode;
			sourceTree = "<group>";
		};
		ACBEF5751F3DEBB200376051 /* Supporting Files */ = {
			isa = PBXGroup;
			children = (
				ACBEF5761F3DEBB200376051 /* main.m */,
			);
			name = "Supporting Files";
			sourceTree = "<group>";
		};
		ACBEF58E1F3DEBB200376051 /* GLProjCodeTests */ = {
			isa = PBXGroup;
			children = (
				ACBEF58F1F3DEBB200376051 /* GLProjCodeTests.m */,
				ACBEF5911F3DEBB200376051 /* Info.plist */,
			);
			path = GLProjCodeTests;
			sourceTree = "<group>";
		};
		ACBEF5991F3DEBB200376051 /* GLProjCodeUITests */ = {
			isa = PBXGroup;
			children = (
				ACBEF59A1F3DEBB200376051 /* GLProjCodeUITests.m */,
				ACBEF59C1F3DEBB200376051 /* Info.plist */,
			);
			path = GLProjCodeUITests;
			sourceTree = "<group>";
		};
/* End PBXGroup section */

/* Begin PBXNativeTarget section */
		ACBEF5711F3DEBB200376051 /* GLProjCode */ = {
			isa = PBXNativeTarget;
			buildConfigurationList = ACBEF59F1F3DEBB200376051 /* Build configuration list for PBXNativeTarget "GLProjCode" */;
			buildPhases = (
				C26130EEBCF50783B41DB933 /* [CP] Check Pods Manifest.lock */,
				ACBEF56E1F3DEBB200376051 /* Sources */,
				ACBEF56F1F3DEBB200376051 /* Frameworks */,
				ACBEF5701F3DEBB200376051 /* Resources */,
				E9559FB75BB143E77002BBCB /* [CP] Embed Pods Frameworks */,
				4C86A17BB91FC7E1C3661995 /* [CP] Copy Pods Resources */,
			);
			buildRules = (
			);
			dependencies = (
			);
			name = GLProjCode;
			productName = GLProjCode;
			productReference = ACBEF5721F3DEBB200376051 /* GLProjCode.app */;
			productType = "com.apple.product-type.application";
		};
		ACBEF58A1F3DEBB200376051 /* GLProjCodeTests */ = {
			isa = PBXNativeTarget;
			buildConfigurationList = ACBEF5A21F3DEBB200376051 /* Build configuration list for PBXNativeTarget "GLProjCodeTests" */;
			buildPhases = (
				ACBEF5871F3DEBB200376051 /* Sources */,
				ACBEF5881F3DEBB200376051 /* Frameworks */,
				ACBEF5891F3DEBB200376051 /* Resources */,
			);
			buildRules = (
			);
			dependencies = (
				ACBEF58D1F3DEBB200376051 /* PBXTargetDependency */,
			);
			name = GLProjCodeTests;
			productName = GLProjCodeTests;
			productReference = ACBEF58B1F3DEBB200376051 /* GLProjCodeTests.xctest */;
			productType = "com.apple.product-type.bundle.unit-test";
		};
		ACBEF5951F3DEBB200376051 /* GLProjCodeUITests */ = {
			isa = PBXNativeTarget;
			buildConfigurationList = ACBEF5A51F3DEBB200376051 /* Build configuration list for PBXNativeTarget "GLProjCodeUITests" */;
			buildPhases = (
				ACBEF5921F3DEBB200376051 /* Sources */,
				ACBEF5931F3DEBB200376051 /* Frameworks */,
				ACBEF5941F3DEBB200376051 /* Resources */,
			);
			buildRules = (
			);
			dependencies = (
				ACBEF5981F3DEBB200376051 /* PBXTargetDependency */,
			);
			name = GLProjCodeUITests;
			productName = GLProjCodeUITests;
			productReference = ACBEF5961F3DEBB200376051 /* GLProjCodeUITests.xctest */;
			productType = "com.apple.product-type.bundle.ui-testing";
		};
/* End PBXNativeTarget section */

/* Begin PBXProject section */
		ACBEF56A1F3DEBB200376051 /* Project object */ = {
			isa = PBXProject;
			attributes = {
				LastUpgradeCheck = 0830;
				ORGANIZATIONNAME = codew;
				TargetAttributes = {
					ACBEF5711F3DEBB200376051 = {
						CreatedOnToolsVersion = 8.3.3;
						DevelopmentTeam = UCS53FT3U9;
						ProvisioningStyle = Automatic;
					};
					ACBEF58A1F3DEBB200376051 = {
						CreatedOnToolsVersion = 8.3.3;
						DevelopmentTeam = UCS53FT3U9;
						ProvisioningStyle = Automatic;
						TestTargetID = ACBEF5711F3DEBB200376051;
					};
					ACBEF5951F3DEBB200376051 = {
						CreatedOnToolsVersion = 8.3.3;
						DevelopmentTeam = UCS53FT3U9;
						ProvisioningStyle = Automatic;
						TestTargetID = ACBEF5711F3DEBB200376051;
					};
				};
			};
			buildConfigurationList = ACBEF56D1F3DEBB200376051 /* Build configuration list for PBXProject "GLProjCode" */;
			compatibilityVersion = "Xcode 3.2";
			developmentRegion = English;
			hasScannedForEncodings = 0;
			knownRegions = (
				en,
				Base,
			);
			mainGroup = ACBEF5691F3DEBB200376051;
			productRefGroup = ACBEF5731F3DEBB200376051 /* Products */;
			projectDirPath = "";
			projectRoot = "";
			targets = (
				ACBEF5711F3DEBB200376051 /* GLProjCode */,
				ACBEF58A1F3DEBB200376051 /* GLProjCodeTests */,
				ACBEF5951F3DEBB200376051 /* GLProjCodeUITests */,
			);
		};
/* End PBXProject section */

/* Begin PBXResourcesBuildPhase section */
		ACBEF5701F3DEBB200376051 /* Resources */ = {
			isa = PBXResourcesBuildPhase;
			buildActionMask = 2147483647;
			files = (
				ACBEF5851F3DEBB200376051 /* LaunchScreen.storyboard in Resources */,
				ACBEF5821F3DEBB200376051 /* Assets.xcassets in Resources */,
				ACBEF5801F3DEBB200376051 /* Main.storyboard in Resources */,
			);
			runOnlyForDeploymentPostprocessing = 0;
		};
		ACBEF5891F3DEBB200376051 /* Resources */ = {
			isa = PBXResourcesBuildPhase;
			buildActionMask = 2147483647;
			files = (
			);
			runOnlyForDeploymentPostprocessing = 0;
		};
		ACBEF5941F3DEBB200376051 /* Resources */ = {
			isa = PBXResourcesBuildPhase;
			buildActionMask = 2147483647;
			files = (
			);
			runOnlyForDeploymentPostprocessing = 0;
		};
/* End PBXResourcesBuildPhase section */

/* Begin PBXShellScriptBuildPhase section */
		4C86A17BB91FC7E1C3661995 /* [CP] Copy Pods Resources */ = {
			isa = PBXShellScriptBuildPhase;
			buildActionMask = 2147483647;
			files = (
			);
			inputPaths = (
			);
			name = "[CP] Copy Pods Resources";
			outputPaths = (
			);
			runOnlyForDeploymentPostprocessing = 0;
			shellPath = /bin/sh;
			shellScript = "\"${SRCROOT}/Pods/Target Support Files/Pods-GLProjCode/Pods-GLProjCode-resources.sh\"\n";
			showEnvVarsInLog = 0;
		};
		C26130EEBCF50783B41DB933 /* [CP] Check Pods Manifest.lock */ = {
			isa = PBXShellScriptBuildPhase;
			buildActionMask = 2147483647;
			files = (
			);
			inputPaths = (
			);
			name = "[CP] Check Pods Manifest.lock";
			outputPaths = (
			);
			runOnlyForDeploymentPostprocessing = 0;
			shellPath = /bin/sh;
			shellScript = "diff \"${PODS_PODFILE_DIR_PATH}/Podfile.lock\" \"${PODS_ROOT}/Manifest.lock\" > /dev/null\nif [ $? != 0 ] ; then\n    # print error to STDERR\n    echo \"error: The sandbox is not in sync with the Podfile.lock. Run 'pod install' or update your CocoaPods installation.\" >&2\n    exit 1\nfi\n";
			showEnvVarsInLog = 0;
		};
		E9559FB75BB143E77002BBCB /* [CP] Embed Pods Frameworks */ = {
			isa = PBXShellScriptBuildPhase;
			buildActionMask = 2147483647;
			files = (
			);
			inputPaths = (
			);
			name = "[CP] Embed Pods Frameworks";
			outputPaths = (
			);
			runOnlyForDeploymentPostprocessing = 0;
			shellPath = /bin/sh;
			shellScript = "\"${SRCROOT}/Pods/Target Support Files/Pods-GLProjCode/Pods-GLProjCode-frameworks.sh\"\n";
			showEnvVarsInLog = 0;
		};
/* End PBXShellScriptBuildPhase section */

/* Begin PBXSourcesBuildPhase section */
		ACBEF56E1F3DEBB200376051 /* Sources */ = {
			isa = PBXSourcesBuildPhase;
			buildActionMask = 2147483647;
			files = (
				ACBEF57D1F3DEBB200376051 /* ViewController.m in Sources */,
				ACBEF57A1F3DEBB200376051 /* AppDelegate.m in Sources */,
				ACBEF5771F3DEBB200376051 /* main.m in Sources */,
			);
			runOnlyForDeploymentPostprocessing = 0;
		};
		ACBEF5871F3DEBB200376051 /* Sources */ = {
			isa = PBXSourcesBuildPhase;
			buildActionMask = 2147483647;
			files = (
				ACBEF5901F3DEBB200376051 /* GLProjCodeTests.m in Sources */,
			);
			runOnlyForDeploymentPostprocessing = 0;
		};
		ACBEF5921F3DEBB200376051 /* Sources */ = {
			isa = PBXSourcesBuildPhase;
			buildActionMask = 2147483647;
			files = (
				ACBEF59B1F3DEBB200376051 /* GLProjCodeUITests.m in Sources */,
			);
			runOnlyForDeploymentPostprocessing = 0;
		};
/* End PBXSourcesBuildPhase section */

/* Begin PBXTargetDependency section */
		ACBEF58D1F3DEBB200376051 /* PBXTargetDependency */ = {
			isa = PBXTargetDependency;
			target = ACBEF5711F3DEBB200376051 /* GLProjCode */;
			targetProxy = ACBEF58C1F3DEBB200376051 /* PBXContainerItemProxy */;
		};
		ACBEF5981F3DEBB200376051 /* PBXTargetDependency */ = {
			isa = PBXTargetDependency;
			target = ACBEF5711F3DEBB200376051 /* GLProjCode */;
			targetProxy = ACBEF5971F3DEBB200376051 /* PBXContainerItemProxy */;
		};
/* End PBXTargetDependency section */

/* Begin PBXVariantGroup section */
		ACBEF57E1F3DEBB200376051 /* Main.storyboard */ = {
			isa = PBXVariantGroup;
			children = (
				ACBEF57F1F3DEBB200376051 /* Base */,
			);
			name = Main.storyboard;
			sourceTree = "<group>";
		};
		ACBEF5831F3DEBB200376051 /* LaunchScreen.storyboard */ = {
			isa = PBXVariantGroup;
			children = (
				ACBEF5841F3DEBB200376051 /* Base */,
			);
			name = LaunchScreen.storyboard;
			sourceTree = "<group>";
		};
/* End PBXVariantGroup section */

/* Begin XCBuildConfiguration section */
		ACBEF59D1F3DEBB200376051 /* Debug */ = {
			isa = XCBuildConfiguration;
			buildSettings = {
				ALWAYS_SEARCH_USER_PATHS = NO;
				CLANG_ANALYZER_NONNULL = YES;
				CLANG_ANALYZER_NUMBER_OBJECT_CONVERSION = YES_AGGRESSIVE;
				CLANG_CXX_LANGUAGE_STANDARD = "gnu++0x";
				CLANG_CXX_LIBRARY = "libc++";
				CLANG_ENABLE_MODULES = YES;
				CLANG_ENABLE_OBJC_ARC = YES;
				CLANG_WARN_BOOL_CONVERSION = YES;
				CLANG_WARN_CONSTANT_CONVERSION = YES;
				CLANG_WARN_DIRECT_OBJC_ISA_USAGE = YES_ERROR;
				CLANG_WARN_DOCUMENTATION_COMMENTS = YES;
				CLANG_WARN_EMPTY_BODY = YES;
				CLANG_WARN_ENUM_CONVERSION = YES;
				CLANG_WARN_INFINITE_RECURSION = YES;
				CLANG_WARN_INT_CONVERSION = YES;
				CLANG_WARN_OBJC_ROOT_CLASS = YES_ERROR;
				CLANG_WARN_SUSPICIOUS_MOVE = YES;
				CLANG_WARN_UNREACHABLE_CODE = YES;
				CLANG_WARN__DUPLICATE_METHOD_MATCH = YES;
				"CODE_SIGN_IDENTITY[sdk=iphoneos*]" = "iPhone Developer";
				COPY_PHASE_STRIP = NO;
				DEBUG_INFORMATION_FORMAT = dwarf;
				ENABLE_STRICT_OBJC_MSGSEND = YES;
				ENABLE_TESTABILITY = YES;
				GCC_C_LANGUAGE_STANDARD = gnu99;
				GCC_DYNAMIC_NO_PIC = NO;
				GCC_NO_COMMON_BLOCKS = YES;
				GCC_OPTIMIZATION_LEVEL = 0;
				GCC_PREPROCESSOR_DEFINITIONS = (
					"DEBUG=1",
					"$(inherited)",
				);
				GCC_WARN_64_TO_32_BIT_CONVERSION = YES;
				GCC_WARN_ABOUT_RETURN_TYPE = YES_ERROR;
				GCC_WARN_UNDECLARED_SELECTOR = YES;
				GCC_WARN_UNINITIALIZED_AUTOS = YES_AGGRESSIVE;
				GCC_WARN_UNUSED_FUNCTION = YES;
				GCC_WARN_UNUSED_VARIABLE = YES;
				IPHONEOS_DEPLOYMENT_TARGET = 10.3;
				MTL_ENABLE_DEBUG_INFO = YES;
				ONLY_ACTIVE_ARCH = YES;
				SDKROOT = iphoneos;
				TARGETED_DEVICE_FAMILY = "1,2";
			};
			name = Debug;
		};
		ACBEF59E1F3DEBB200376051 /* Release */ = {
			isa = XCBuildConfiguration;
			buildSettings = {
				ALWAYS_SEARCH_USER_PATHS = NO;
				CLANG_ANALYZER_NONNULL = YES;
				CLANG_ANALYZER_NUMBER_OBJECT_CONVERSION = YES_AGGRESSIVE;
				CLANG_CXX_LANGUAGE_STANDARD = "gnu++0x";
				CLANG_CXX_LIBRARY = "libc++";
				CLANG_ENABLE_MODULES = YES;
				CLANG_ENABLE_OBJC_ARC = YES;
				CLANG_WARN_BOOL_CONVERSION = YES;
				CLANG_WARN_CONSTANT_CONVERSION = YES;
				CLANG_WARN_DIRECT_OBJC_ISA_USAGE = YES_ERROR;
				CLANG_WARN_DOCUMENTATION_COMMENTS = YES;
				CLANG_WARN_EMPTY_BODY = YES;
				CLANG_WARN_ENUM_CONVERSION = YES;
				CLANG_WARN_INFINITE_RECURSION = YES;
				CLANG_WARN_INT_CONVERSION = YES;
				CLANG_WARN_OBJC_ROOT_CLASS = YES_ERROR;
				CLANG_WARN_SUSPICIOUS_MOVE = YES;
				CLANG_WARN_UNREACHABLE_CODE = YES;
				CLANG_WARN__DUPLICATE_METHOD_MATCH = YES;
				"CODE_SIGN_IDENTITY[sdk=iphoneos*]" = "iPhone Developer";
				COPY_PHASE_STRIP = NO;
				DEBUG_INFORMATION_FORMAT = "dwarf-with-dsym";
				ENABLE_NS_ASSERTIONS = NO;
				ENABLE_STRICT_OBJC_MSGSEND = YES;
				GCC_C_LANGUAGE_STANDARD = gnu99;
				GCC_NO_COMMON_BLOCKS = YES;
				GCC_WARN_64_TO_32_BIT_CONVERSION = YES;
				GCC_WARN_ABOUT_RETURN_TYPE = YES_ERROR;
				GCC_WARN_UNDECLARED_SELECTOR = YES;
				GCC_WARN_UNINITIALIZED_AUTOS = YES_AGGRESSIVE;
				GCC_WARN_UNUSED_FUNCTION = YES;
				GCC_WARN_UNUSED_VARIABLE = YES;
				IPHONEOS_DEPLOYMENT_TARGET = 10.3;
				MTL_ENABLE_DEBUG_INFO = NO;
				SDKROOT = iphoneos;
				TARGETED_DEVICE_FAMILY = "1,2";
				VALIDATE_PRODUCT = YES;
			};
			name = Release;
		};
		ACBEF5A01F3DEBB200376051 /* Debug */ = {
			isa = XCBuildConfiguration;
			baseConfigurationReference = ADC6221BDA38C0FEC0C8BA32 /* Pods-GLProjCode.debug.xcconfig */;
			buildSettings = {
				ASSETCATALOG_COMPILER_APPICON_NAME = AppIcon;
				DEVELOPMENT_TEAM = UCS53FT3U9;
				INFOPLIST_FILE = GLProjCode/Info.plist;
				LD_RUNPATH_SEARCH_PATHS = "$(inherited) @executable_path/Frameworks";
				PRODUCT_BUNDLE_IDENTIFIER = com.netviewtech.GLProjCode;
				PRODUCT_NAME = "$(TARGET_NAME)";
			};
			name = Debug;
		};
		ACBEF5A11F3DEBB200376051 /* Release */ = {
			isa = XCBuildConfiguration;
			baseConfigurationReference = C24500BB469BF04CD68E83A6 /* Pods-GLProjCode.release.xcconfig */;
			buildSettings = {
				ASSETCATALOG_COMPILER_APPICON_NAME = AppIcon;
				DEVELOPMENT_TEAM = UCS53FT3U9;
				INFOPLIST_FILE = GLProjCode/Info.plist;
				LD_RUNPATH_SEARCH_PATHS = "$(inherited) @executable_path/Frameworks";
				PRODUCT_BUNDLE_IDENTIFIER = com.netviewtech.GLProjCode;
				PRODUCT_NAME = "$(TARGET_NAME)";
			};
			name = Release;
		};
		ACBEF5A31F3DEBB200376051 /* Debug */ = {
			isa = XCBuildConfiguration;
			buildSettings = {
				BUNDLE_LOADER = "$(TEST_HOST)";
				DEVELOPMENT_TEAM = UCS53FT3U9;
				INFOPLIST_FILE = GLProjCodeTests/Info.plist;
				LD_RUNPATH_SEARCH_PATHS = "$(inherited) @executable_path/Frameworks @loader_path/Frameworks";
				PRODUCT_BUNDLE_IDENTIFIER = com.netviewtech.GLProjCodeTests;
				PRODUCT_NAME = "$(TARGET_NAME)";
				TEST_HOST = "$(BUILT_PRODUCTS_DIR)/GLProjCode.app/GLProjCode";
			};
			name = Debug;
		};
		ACBEF5A41F3DEBB200376051 /* Release */ = {
			isa = XCBuildConfiguration;
			buildSettings = {
				BUNDLE_LOADER = "$(TEST_HOST)";
				DEVELOPMENT_TEAM = UCS53FT3U9;
				INFOPLIST_FILE = GLProjCodeTests/Info.plist;
				LD_RUNPATH_SEARCH_PATHS = "$(inherited) @executable_path/Frameworks @loader_path/Frameworks";
				PRODUCT_BUNDLE_IDENTIFIER = com.netviewtech.GLProjCodeTests;
				PRODUCT_NAME = "$(TARGET_NAME)";
				TEST_HOST = "$(BUILT_PRODUCTS_DIR)/GLProjCode.app/GLProjCode";
			};
			name = Release;
		};
		ACBEF5A61F3DEBB200376051 /* Debug */ = {
			isa = XCBuildConfiguration;
			buildSettings = {
				DEVELOPMENT_TEAM = UCS53FT3U9;
				INFOPLIST_FILE = GLProjCodeUITests/Info.plist;
				LD_RUNPATH_SEARCH_PATHS = "$(inherited) @executable_path/Frameworks @loader_path/Frameworks";
				PRODUCT_BUNDLE_IDENTIFIER = com.netviewtech.GLProjCodeUITests;
				PRODUCT_NAME = "$(TARGET_NAME)";
				TEST_TARGET_NAME = GLProjCode;
			};
			name = Debug;
		};
		ACBEF5A71F3DEBB200376051 /* Release */ = {
			isa = XCBuildConfiguration;
			buildSettings = {
				DEVELOPMENT_TEAM = UCS53FT3U9;
				INFOPLIST_FILE = GLProjCodeUITests/Info.plist;
				LD_RUNPATH_SEARCH_PATHS = "$(inherited) @executable_path/Frameworks @loader_path/Frameworks";
				PRODUCT_BUNDLE_IDENTIFIER = com.netviewtech.GLProjCodeUITests;
				PRODUCT_NAME = "$(TARGET_NAME)";
				TEST_TARGET_NAME = GLProjCode;
			};
			name = Release;
		};
/* End XCBuildConfiguration section */

/* Begin XCConfigurationList section */
		ACBEF56D1F3DEBB200376051 /* Build configuration list for PBXProject "GLProjCode" */ = {
			isa = XCConfigurationList;
			buildConfigurations = (
				ACBEF59D1F3DEBB200376051 /* Debug */,
				ACBEF59E1F3DEBB200376051 /* Release */,
			);
			defaultConfigurationIsVisible = 0;
			defaultConfigurationName = Release;
		};
		ACBEF59F1F3DEBB200376051 /* Build configuration list for PBXNativeTarget "GLProjCode" */ = {
			isa = XCConfigurationList;
			buildConfigurations = (
				ACBEF5A01F3DEBB200376051 /* Debug */,
				ACBEF5A11F3DEBB200376051 /* Release */,
			);
			defaultConfigurationIsVisible = 0;
		};
		ACBEF5A21F3DEBB200376051 /* Build configuration list for PBXNativeTarget "GLProjCodeTests" */ = {
			isa = XCConfigurationList;
			buildConfigurations = (
				ACBEF5A31F3DEBB200376051 /* Debug */,
				ACBEF5A41F3DEBB200376051 /* Release */,
			);
			defaultConfigurationIsVisible = 0;
		};
		ACBEF5A51F3DEBB200376051 /* Build configuration list for PBXNativeTarget "GLProjCodeUITests" */ = {
			isa = XCConfigurationList;
			buildConfigurations = (
				ACBEF5A61F3DEBB200376051 /* Debug */,
				ACBEF5A71F3DEBB200376051 /* Release */,
			);
			defaultConfigurationIsVisible = 0;
		};
/* End XCConfigurationList section */
	};
	rootObject = ACBEF56A1F3DEBB200376051 /* Project object */;
}
